
Microsoft Visual Studio Solution File, Format Version 12.00
# Visual Studio Version 17
VisualStudioVersion = 17.3.32811.315
MinimumVisualStudioVersion = 10.0.40219.1
Project("{FAE04EC0-301F-11D3-BF4B-00C04F79EFBC}") = "Batch1_2022", "Batch1_2022.csproj", "{615C97AC-FD66-4FAB-A679-90FA5B8B061A}"
EndProject
Global
	GlobalSection(SolutionConfigurationPlatforms) = preSolution
		Debug|Any CPU = Debug|Any CPU
		Release|Any CPU = Release|Any CPU
	EndGlobalSection
	GlobalSection(ProjectConfigurationPlatforms) = postSolution
		{615C97AC-FD66-4FAB-A679-90FA5B8B061A}.Debug|Any CPU.ActiveCfg = Debug|Any CPU
		{615C97AC-FD66-4FAB-A679-90FA5B8B061A}.Debug|Any CPU.Build.0 = Debug|Any CPU
		{615C97AC-FD66-4FAB-A679-90FA5B8B061A}.Release|Any CPU.ActiveCfg = Release|Any CPU
		{615C97AC-FD66-4FAB-A679-90FA5B8B061A}.Release|Any CPU.Build.0 = Release|Any CPU
	EndGlobalSection
	GlobalSection(SolutionProperties) = preSolution
		HideSolutionNode = FALSE
	EndGlobalSection
	GlobalSection(ExtensibilityGlobals) = postSolution
		SolutionGuid = {79448740-FDD1-4214-82D6-6DD1DD75B41C}
	EndGlobalSection
EndGlobal
